{
  "name": "dsappkaar",
  "lockfileVersion": 2,
  "requires": true,
  "packages": {
    "": {
      "dependencies": {
        "powerbi-client": "^2.21.1",
        "powerbi-client-angular": "^2.0.1",
        "tslib": "^2.4.0"
      }
    },
    "node_modules/@angular/common": {
      "version": "14.1.2",
      "resolved": "https://registry.npmjs.org/@angular/common/-/common-14.1.2.tgz",
      "integrity": "sha512-ukj/BAF3cH8IDrrMt7MLjosKst005YGD0EpLNpdTNdHN8NrF3OrEYyR7YR7obrucjJ8fowsz9V7a8OrNrHaS4w==",
      "peer": true,
      "dependencies": {
        "tslib": "^2.3.0"
      },
      "engines": {
        "node": "^14.15.0 || >=16.10.0"
      },
      "peerDependencies": {
        "@angular/core": "14.1.2",
        "rxjs": "^6.5.3 || ^7.4.0"
      }
    },
    "node_modules/@angular/core": {
      "version": "14.1.2",
      "resolved": "https://registry.npmjs.org/@angular/core/-/core-14.1.2.tgz",
      "integrity": "sha512-7DkeMYxXaWiUN0SztsD/dUn8SYo7305sM9HtX9RCGG/pweOoIIdcRhTxyiatyVGzTuulwMs/Y/rD1Q+GsDCnow==",
      "peer": true,
      "dependencies": {
        "tslib": "^2.3.0"
      },
      "engines": {
        "node": "^14.15.0 || >=16.10.0"
      },
      "peerDependencies": {
        "rxjs": "^6.5.3 || ^7.4.0",
        "zone.js": "~0.11.4"
      }
    },
    "node_modules/es6-promise": {
      "version": "3.3.1",
      "resolved": "https://registry.npmjs.org/es6-promise/-/es6-promise-3.3.1.tgz",
      "integrity": "sha512-SOp9Phqvqn7jtEUxPWdWfWoLmyt2VaJ6MpvP9Comy1MceMXqE6bxvaTu4iaxpYYPzhny28Lc+M87/c2cPK6lDg=="
    },
    "node_modules/http-post-message": {
      "version": "0.2.3",
      "resolved": "https://registry.npmjs.org/http-post-message/-/http-post-message-0.2.3.tgz",
      "integrity": "sha512-76heerrzYhvWptJfWxUarHw2O3fkMqF48bbq/S6XFWHUc34o8tkySBwtReXuAKJAECZWVu8U0TYLckFcwtSdrg==",
      "dependencies": {
        "es6-promise": "^3.2.1"
      }
    },
    "node_modules/powerbi-client": {
      "version": "2.21.1",
      "resolved": "https://registry.npmjs.org/powerbi-client/-/powerbi-client-2.21.1.tgz",
      "integrity": "sha512-v5rbqVnAiES5iU8OerUKdMVLfV934QykZkpge3Iyx9EcKob/Ga1mWa973e/32EejEqtGqoYNcvkrkK7utfGV+g==",
      "dependencies": {
        "http-post-message": "^0.2",
        "powerbi-models": "^1.11.0",
        "powerbi-router": "^0.1",
        "window-post-message-proxy": "^0.2"
      }
    },
    "node_modules/powerbi-client-angular": {
      "version": "2.0.1",
      "resolved": "https://registry.npmjs.org/powerbi-client-angular/-/powerbi-client-angular-2.0.1.tgz",
      "integrity": "sha512-ucSlwGNMqTagJlpfoRZK93wAD5iKXxZ0HDbNfCjH5UXsmY/89l2isycdXzZgAvH9lXqogWQFG7W2856gJOtBiA==",
      "dependencies": {
        "powerbi-client": "^2.21.1",
        "tslib": "^2.1.0"
      },
      "peerDependencies": {
        "@angular/common": ">=11",
        "@angular/core": ">=11"
      }
    },
    "node_modules/powerbi-models": {
      "version": "1.11.0",
      "resolved": "https://registry.npmjs.org/powerbi-models/-/powerbi-models-1.11.0.tgz",
      "integrity": "sha512-zRy6PBCmOhtHkZ6aWC/s7W/oV8aCmu7QlnG1GEy8XThj2baxFYnj2tCYaKAsOX7CvlCymw1NIXN9RhiRQI7EXQ=="
    },
    "node_modules/powerbi-router": {
      "version": "0.1.5",
      "resolved": "https://registry.npmjs.org/powerbi-router/-/powerbi-router-0.1.5.tgz",
      "integrity": "sha512-DFJCKxwh/DqMZXtHSo6xZl87mbRviZGn4P7Oi2rT0L4HMI4AjnWIrwg0JCSM7ymBzYnNe5UmrsCaf2Upur5RQA==",
      "dependencies": {
        "es6-promise": "^3.2.1",
        "route-recognizer": "^0.1.11"
      }
    },
    "node_modules/route-recognizer": {
      "version": "0.1.11",
      "resolved": "https://registry.npmjs.org/route-recognizer/-/route-recognizer-0.1.11.tgz",
      "integrity": "sha512-7JNu5mXQVa39zxmUKyk/bfpeF2WyEC5JKVTJO5HATcoUQpcQsI3eLzhwGU69xeOagQxfOQ+yr2sSv0G8xy+vQA=="
    },
    "node_modules/rxjs": {
      "version": "7.5.6",
      "resolved": "https://registry.npmjs.org/rxjs/-/rxjs-7.5.6.tgz",
      "integrity": "sha512-dnyv2/YsXhnm461G+R/Pe5bWP41Nm6LBXEYWI6eiFP4fiwx6WRI/CD0zbdVAudd9xwLEF2IDcKXLHit0FYjUzw==",
      "peer": true,
      "dependencies": {
        "tslib": "^2.1.0"
      }
    },
    "node_modules/tslib": {
      "version": "2.4.0",
      "resolved": "https://registry.npmjs.org/tslib/-/tslib-2.4.0.tgz",
      "integrity": "sha512-d6xOpEDfsi2CZVlPQzGeux8XMwLT9hssAsaPYExaQMuYskwb+x1x7J371tWlbBdWHroy99KnVB6qIkUbs5X3UQ=="
    },
    "node_modules/window-post-message-proxy": {
      "version": "0.2.6",
      "resolved": "https://registry.npmjs.org/window-post-message-proxy/-/window-post-message-proxy-0.2.6.tgz",
      "integrity": "sha512-IwNWtUWVFarBa2F9vhmfv2yr0PfPm57QuOBCw3qSLaunhD3THcHUKQ4HrJQiCuYUT7LEjhUtaoA+hrV+wQzNmQ==",
      "dependencies": {
        "es6-promise": "^3.1.2"
      }
    },
    "node_modules/zone.js": {
      "version": "0.11.8",
      "resolved": "https://registry.npmjs.org/zone.js/-/zone.js-0.11.8.tgz",
      "integrity": "sha512-82bctBg2hKcEJ21humWIkXRlLBBmrc3nN7DFh5LGGhcyycO2S7FN8NmdvlcKaGFDNVL4/9kFLmwmInTavdJERA==",
      "peer": true,
      "dependencies": {
        "tslib": "^2.3.0"
      }
    }
  },
  "dependencies": {
    "@angular/common": {
      "version": "14.1.2",
      "resolved": "https://registry.npmjs.org/@angular/common/-/common-14.1.2.tgz",
      "integrity": "sha512-ukj/BAF3cH8IDrrMt7MLjosKst005YGD0EpLNpdTNdHN8NrF3OrEYyR7YR7obrucjJ8fowsz9V7a8OrNrHaS4w==",
      "peer": true,
      "requires": {
        "tslib": "^2.3.0"
      }
    },
    "@angular/core": {
      "version": "14.1.2",
      "resolved": "https://registry.npmjs.org/@angular/core/-/core-14.1.2.tgz",
      "integrity": "sha512-7DkeMYxXaWiUN0SztsD/dUn8SYo7305sM9HtX9RCGG/pweOoIIdcRhTxyiatyVGzTuulwMs/Y/rD1Q+GsDCnow==",
      "peer": true,
      "requires": {
        "tslib": "^2.3.0"
      }
    },
    "es6-promise": {
      "version": "3.3.1",
      "resolved": "https://registry.npmjs.org/es6-promise/-/es6-promise-3.3.1.tgz",
      "integrity": "sha512-SOp9Phqvqn7jtEUxPWdWfWoLmyt2VaJ6MpvP9Comy1MceMXqE6bxvaTu4iaxpYYPzhny28Lc+M87/c2cPK6lDg=="
    },
    "http-post-message": {
      "version": "0.2.3",
      "resolved": "https://registry.npmjs.org/http-post-message/-/http-post-message-0.2.3.tgz",
      "integrity": "sha512-76heerrzYhvWptJfWxUarHw2O3fkMqF48bbq/S6XFWHUc34o8tkySBwtReXuAKJAECZWVu8U0TYLckFcwtSdrg==",
      "requires": {
        "es6-promise": "^3.2.1"
      }
    },
    "powerbi-client": {
      "version": "2.21.1",
      "resolved": "https://registry.npmjs.org/powerbi-client/-/powerbi-client-2.21.1.tgz",
      "integrity": "sha512-v5rbqVnAiES5iU8OerUKdMVLfV934QykZkpge3Iyx9EcKob/Ga1mWa973e/32EejEqtGqoYNcvkrkK7utfGV+g==",
      "requires": {
        "http-post-message": "^0.2",
        "powerbi-models": "^1.11.0",
        "powerbi-router": "^0.1",
        "window-post-message-proxy": "^0.2"
      }
    },
    "powerbi-client-angular": {
      "version": "2.0.1",
      "resolved": "https://registry.npmjs.org/powerbi-client-angular/-/powerbi-client-angular-2.0.1.tgz",
      "integrity": "sha512-ucSlwGNMqTagJlpfoRZK93wAD5iKXxZ0HDbNfCjH5UXsmY/89l2isycdXzZgAvH9lXqogWQFG7W2856gJOtBiA==",
      "requires": {
        "powerbi-client": "^2.21.1",
        "tslib": "^2.1.0"
      }
    },
    "powerbi-models": {
      "version": "1.11.0",
      "resolved": "https://registry.npmjs.org/powerbi-models/-/powerbi-models-1.11.0.tgz",
      "integrity": "sha512-zRy6PBCmOhtHkZ6aWC/s7W/oV8aCmu7QlnG1GEy8XThj2baxFYnj2tCYaKAsOX7CvlCymw1NIXN9RhiRQI7EXQ=="
    },
    "powerbi-router": {
      "version": "0.1.5",
      "resolved": "https://registry.npmjs.org/powerbi-router/-/powerbi-router-0.1.5.tgz",
      "integrity": "sha512-DFJCKxwh/DqMZXtHSo6xZl87mbRviZGn4P7Oi2rT0L4HMI4AjnWIrwg0JCSM7ymBzYnNe5UmrsCaf2Upur5RQA==",
      "requires": {
        "es6-promise": "^3.2.1",
        "route-recognizer": "^0.1.11"
      }
    },
    "route-recognizer": {
      "version": "0.1.11",
      "resolved": "https://registry.npmjs.org/route-recognizer/-/route-recognizer-0.1.11.tgz",
      "integrity": "sha512-7JNu5mXQVa39zxmUKyk/bfpeF2WyEC5JKVTJO5HATcoUQpcQsI3eLzhwGU69xeOagQxfOQ+yr2sSv0G8xy+vQA=="
    },
    "rxjs": {
      "version": "7.5.6",
      "resolved": "https://registry.npmjs.org/rxjs/-/rxjs-7.5.6.tgz",
      "integrity": "sha512-dnyv2/YsXhnm461G+R/Pe5bWP41Nm6LBXEYWI6eiFP4fiwx6WRI/CD0zbdVAudd9xwLEF2IDcKXLHit0FYjUzw==",
      "peer": true,
      "requires": {
        "tslib": "^2.1.0"
      }
    },
    "tslib": {
      "version": "2.4.0",
      "resolved": "https://registry.npmjs.org/tslib/-/tslib-2.4.0.tgz",
      "integrity": "sha512-d6xOpEDfsi2CZVlPQzGeux8XMwLT9hssAsaPYExaQMuYskwb+x1x7J371tWlbBdWHroy99KnVB6qIkUbs5X3UQ=="
    },
    "window-post-message-proxy": {
      "version": "0.2.6",
      "resolved": "https://registry.npmjs.org/window-post-message-proxy/-/window-post-message-proxy-0.2.6.tgz",
      "integrity": "sha512-IwNWtUWVFarBa2F9vhmfv2yr0PfPm57QuOBCw3qSLaunhD3THcHUKQ4HrJQiCuYUT7LEjhUtaoA+hrV+wQzNmQ==",
      "requires": {
        "es6-promise": "^3.1.2"
      }
    },
    "zone.js": {
      "version": "0.11.8",
      "resolved": "https://registry.npmjs.org/zone.js/-/zone.js-0.11.8.tgz",
      "integrity": "sha512-82bctBg2hKcEJ21humWIkXRlLBBmrc3nN7DFh5LGGhcyycO2S7FN8NmdvlcKaGFDNVL4/9kFLmwmInTavdJERA==",
      "peer": true,
      "requires": {
        "tslib": "^2.3.0"
      }
    }
  }
}
